// !$*UTF8*$!
{
	archiveVersion = 1;
	classes = {
	};
	objectVersion = 77;
	objects = {

/* Begin PBXContainerItemProxy section */
		E7039D8F2D4AAC3200A9DF12 /* PBXContainerItemProxy */ = {
			isa = PBXContainerItemProxy;
			containerPortal = E7039D762D4AAC3100A9DF12 /* Project object */;
			proxyType = 1;
			remoteGlobalIDString = E7039D7D2D4AAC3100A9DF12;
			remoteInfo = Elvis;
		};
		E7039D992D4AAC3200A9DF12 /* PBXContainerItemProxy */ = {
			isa = PBXContainerItemProxy;
			containerPortal = E7039D762D4AAC3100A9DF12 /* Project object */;
			proxyType = 1;
			remoteGlobalIDString = E7039D7D2D4AAC3100A9DF12;
			remoteInfo = Elvis;
		};
/* End PBXContainerItemProxy section */

/* Begin PBXFileReference section */
		E7039D7E2D4AAC3100A9DF12 /* Elvis.app */ = {isa = PBXFileReference; explicitFileType = wrapper.application; includeInIndex = 0; path = Elvis.app; sourceTree = BUILT_PRODUCTS_DIR; };
		E7039D8E2D4AAC3200A9DF12 /* ElvisTests.xctest */ = {isa = PBXFileReference; explicitFileType = wrapper.cfbundle; includeInIndex = 0; path = ElvisTests.xctest; sourceTree = BUILT_PRODUCTS_DIR; };
		E7039D982D4AAC3200A9DF12 /* ElvisUITests.xctest */ = {isa = PBXFileReference; explicitFileType = wrapper.cfbundle; includeInIndex = 0; path = ElvisUITests.xctest; sourceTree = BUILT_PRODUCTS_DIR; };
/* End PBXFileReference section */

/* Begin PBXFileSystemSynchronizedRootGroup section */
		E7039D802D4AAC3100A9DF12 /* Elvis */ = {
			isa = PBXFileSystemSynchronizedRootGroup;
			path = Elvis;
			sourceTree = "<group>";
		};
		E7039D912D4AAC3200A9DF12 /* ElvisTests */ = {
			isa = PBXFileSystemSynchronizedRootGroup;
			path = ElvisTests;
			sourceTree = "<group>";
		};
		E7039D9B2D4AAC3200A9DF12 /* ElvisUITests */ = {
			isa = PBXFileSystemSynchronizedRootGroup;
			path = ElvisUITests;
			sourceTree = "<group>";
		};
/* End PBXFileSystemSynchronizedRootGroup section */

/* Begin PBXFrameworksBuildPhase section */
		E7039D7B2D4AAC3100A9DF12 /* Frameworks */ = {
			isa = PBXFrameworksBuildPhase;
			buildActionMask = 2147483647;
			files = (
			);
			runOnlyForDeploymentPostprocessing = 0;
		};
		E7039D8B2D4AAC3200A9DF12 /* Frameworks */ = {
			isa = PBXFrameworksBuildPhase;
			buildActionMask = 2147483647;
			files = (
			);
			runOnlyForDeploymentPostprocessing = 0;
		};
		E7039D952D4AAC3200A9DF12 /* Frameworks */ = {
			isa = PBXFrameworksBuildPhase;
			buildActionMask = 2147483647;
			files = (
			);
			runOnlyForDeploymentPostprocessing = 0;
		};
/* End PBXFrameworksBuildPhase section */

/* Begin PBXGroup section */
		E7039D752D4AAC3100A9DF12 = {
			isa = PBXGroup;
			children = (
				E7039D802D4AAC3100A9DF12 /* Elvis */,
				E7039D912D4AAC3200A9DF12 /* ElvisTests */,
				E7039D9B2D4AAC3200A9DF12 /* ElvisUITests */,
				E7039D7F2D4AAC3100A9DF12 /* Products */,
			);
			sourceTree = "<group>";
		};
		E7039D7F2D4AAC3100A9DF12 /* Products */ = {
			isa = PBXGroup;
			children = (
				E7039D7E2D4AAC3100A9DF12 /* Elvis.app */,
				E7039D8E2D4AAC3200A9DF12 /* ElvisTests.xctest */,
				E7039D982D4AAC3200A9DF12 /* ElvisUITests.xctest */,
			);
			name = Products;
			sourceTree = "<group>";
		};
/* End PBXGroup section */

/* Begin PBXNativeTarget section */
		E7039D7D2D4AAC3100A9DF12 /* Elvis */ = {
			isa = PBXNativeTarget;
			buildConfigurationList = E7039DA22D4AAC3200A9DF12 /* Build configuration list for PBXNativeTarget "Elvis" */;
			buildPhases = (
				E7039D7A2D4AAC3100A9DF12 /* Sources */,
				E7039D7B2D4AAC3100A9DF12 /* Frameworks */,
				E7039D7C2D4AAC3100A9DF12 /* Resources */,
			);
			buildRules = (
			);
			dependencies = (
			);
			fileSystemSynchronizedGroups = (
				E7039D802D4AAC3100A9DF12 /* Elvis */,
			);
			name = Elvis;
			packageProductDependencies = (
			);
			productName = Elvis;
			productReference = E7039D7E2D4AAC3100A9DF12 /* Elvis.app */;
			productType = "com.apple.product-type.application";
		};
		E7039D8D2D4AAC3200A9DF12 /* ElvisTests */ = {
			isa = PBXNativeTarget;
			buildConfigurationList = E7039DA52D4AAC3200A9DF12 /* Build configuration list for PBXNativeTarget "ElvisTests" */;
			buildPhases = (
				E7039D8A2D4AAC3200A9DF12 /* Sources */,
				E7039D8B2D4AAC3200A9DF12 /* Frameworks */,
				E7039D8C2D4AAC3200A9DF12 /* Resources */,
			);
			buildRules = (
			);
			dependencies = (
				E7039D902D4AAC3200A9DF12 /* PBXTargetDependency */,
			);
			fileSystemSynchronizedGroups = (
				E7039D912D4AAC3200A9DF12 /* ElvisTests */,
			);
			name = ElvisTests;
			packageProductDependencies = (
			);
			productName = ElvisTests;
			productReference = E7039D8E2D4AAC3200A9DF12 /* ElvisTests.xctest */;
			productType = "com.apple.product-type.bundle.unit-test";
		};
		E7039D972D4AAC3200A9DF12 /* ElvisUITests */ = {
			isa = PBXNativeTarget;
			buildConfigurationList = E7039DA82D4AAC3200A9DF12 /* Build configuration list for PBXNativeTarget "ElvisUITests" */;
			buildPhases = (
				E7039D942D4AAC3200A9DF12 /* Sources */,
				E7039D952D4AAC3200A9DF12 /* Frameworks */,
				E7039D962D4AAC3200A9DF12 /* Resources */,
			);
			buildRules = (
			);
			dependencies = (
				E7039D9A2D4AAC3200A9DF12 /* PBXTargetDependency */,
			);
			fileSystemSynchronizedGroups = (
				E7039D9B2D4AAC3200A9DF12 /* ElvisUITests */,
			);
			name = ElvisUITests;
			packageProductDependencies = (
			);
			productName = ElvisUITests;
			productReference = E7039D982D4AAC3200A9DF12 /* ElvisUITests.xctest */;
			productType = "com.apple.product-type.bundle.ui-testing";
		};
/* End PBXNativeTarget section */

/* Begin PBXProject section */
		E7039D762D4AAC3100A9DF12 /* Project object */ = {
			isa = PBXProject;
			attributes = {
				BuildIndependentTargetsInParallel = 1;
				LastSwiftUpdateCheck = 1620;
				LastUpgradeCheck = 1620;
				TargetAttributes = {
					E7039D7D2D4AAC3100A9DF12 = {
						CreatedOnToolsVersion = 16.2;
					};
					E7039D8D2D4AAC3200A9DF12 = {
						CreatedOnToolsVersion = 16.2;
						TestTargetID = E7039D7D2D4AAC3100A9DF12;
					};
					E7039D972D4AAC3200A9DF12 = {
						CreatedOnToolsVersion = 16.2;
						TestTargetID = E7039D7D2D4AAC3100A9DF12;
					};
				};
			};
			buildConfigurationList = E7039D792D4AAC3100A9DF12 /* Build configuration list for PBXProject "Elvis" */;
			developmentRegion = en;
			hasScannedForEncodings = 0;
			knownRegions = (
				en,
				Base,
			);
			mainGroup = E7039D752D4AAC3100A9DF12;
			minimizedProjectReferenceProxies = 1;
			preferredProjectObjectVersion = 77;
			productRefGroup = E7039D7F2D4AAC3100A9DF12 /* Products */;
			projectDirPath = "";
			projectRoot = "";
			targets = (
				E7039D7D2D4AAC3100A9DF12 /* Elvis */,
				E7039D8D2D4AAC3200A9DF12 /* ElvisTests */,
				E7039D972D4AAC3200A9DF12 /* ElvisUITests */,
			);
		};
/* End PBXProject section */

/* Begin PBXResourcesBuildPhase section */
		E7039D7C2D4AAC3100A9DF12 /* Resources */ = {
			isa = PBXResourcesBuildPhase;
			buildActionMask = 2147483647;
			files = (
			);
			runOnlyForDeploymentPostprocessing = 0;
		};
		E7039D8C2D4AAC3200A9DF12 /* Resources */ = {
			isa = PBXResourcesBuildPhase;
			buildActionMask = 2147483647;
			files = (
			);
			runOnlyForDeploymentPostprocessing = 0;
		};
		E7039D962D4AAC3200A9DF12 /* Resources */ = {
			isa = PBXResourcesBuildPhase;
			buildActionMask = 2147483647;
			files = (
			);
			runOnlyForDeploymentPostprocessing = 0;
		};
/* End PBXResourcesBuildPhase section */

/* Begin PBXSourcesBuildPhase section */
		E7039D7A2D4AAC3100A9DF12 /* Sources */ = {
			isa = PBXSourcesBuildPhase;
			buildActionMask = 2147483647;
			files = (
			);
			runOnlyForDeploymentPostprocessing = 0;
		};
		E7039D8A2D4AAC3200A9DF12 /* Sources */ = {
			isa = PBXSourcesBuildPhase;
			buildActionMask = 2147483647;
			files = (
			);
			runOnlyForDeploymentPostprocessing = 0;
		};
		E7039D942D4AAC3200A9DF12 /* Sources */ = {
			isa = PBXSourcesBuildPhase;
			buildActionMask = 2147483647;
			files = (
			);
			runOnlyForDeploymentPostprocessing = 0;
		};
/* End PBXSourcesBuildPhase section */

/* Begin PBXTargetDependency section */
		E7039D902D4AAC3200A9DF12 /* PBXTargetDependency */ = {
			isa = PBXTargetDependency;
			target = E7039D7D2D4AAC3100A9DF12 /* Elvis */;
			targetProxy = E7039D8F2D4AAC3200A9DF12 /* PBXContainerItemProxy */;
		};
		E7039D9A2D4AAC3200A9DF12 /* PBXTargetDependency */ = {
			isa = PBXTargetDependency;
			target = E7039D7D2D4AAC3100A9DF12 /* Elvis */;
			targetProxy = E7039D992D4AAC3200A9DF12 /* PBXContainerItemProxy */;
		};
/* End PBXTargetDependency section */

/* Begin XCBuildConfiguration section */
		E7039DA02D4AAC3200A9DF12 /* Debug */ = {
			isa = XCBuildConfiguration;
			buildSettings = {
				ALWAYS_SEARCH_USER_PATHS = NO;
				ASSETCATALOG_COMPILER_GENERATE_SWIFT_ASSET_SYMBOL_EXTENSIONS = YES;
				CLANG_ANALYZER_NONNULL = YES;
				CLANG_ANALYZER_NUMBER_OBJECT_CONVERSION = YES_AGGRESSIVE;
				CLANG_CXX_LANGUAGE_STANDARD = "gnu++20";
				CLANG_ENABLE_MODULES = YES;
				CLANG_ENABLE_OBJC_ARC = YES;
				CLANG_ENABLE_OBJC_WEAK = YES;
				CLANG_WARN_BLOCK_CAPTURE_AUTORELEASING = YES;
				CLANG_WARN_BOOL_CONVERSION = YES;
				CLANG_WARN_COMMA = YES;
				CLANG_WARN_CONSTANT_CONVERSION = YES;
				CLANG_WARN_DEPRECATED_OBJC_IMPLEMENTATIONS = YES;
				CLANG_WARN_DIRECT_OBJC_ISA_USAGE = YES_ERROR;
				CLANG_WARN_DOCUMENTATION_COMMENTS = YES;
				CLANG_WARN_EMPTY_BODY = YES;
				CLANG_WARN_ENUM_CONVERSION = YES;
				CLANG_WARN_INFINITE_RECURSION = YES;
				CLANG_WARN_INT_CONVERSION = YES;
				CLANG_WARN_NON_LITERAL_NULL_CONVERSION = YES;
				CLANG_WARN_OBJC_IMPLICIT_RETAIN_SELF = YES;
				CLANG_WARN_OBJC_LITERAL_CONVERSION = YES;
				CLANG_WARN_OBJC_ROOT_CLASS = YES_ERROR;
				CLANG_WARN_QUOTED_INCLUDE_IN_FRAMEWORK_HEADER = YES;
				CLANG_WARN_RANGE_LOOP_ANALYSIS = YES;
				CLANG_WARN_STRICT_PROTOTYPES = YES;
				CLANG_WARN_SUSPICIOUS_MOVE = YES;
				CLANG_WARN_UNGUARDED_AVAILABILITY = YES_AGGRESSIVE;
				CLANG_WARN_UNREACHABLE_CODE = YES;
				CLANG_WARN__DUPLICATE_METHOD_MATCH = YES;
				COPY_PHASE_STRIP = NO;
				DEBUG_INFORMATION_FORMAT = dwarf;
				ENABLE_STRICT_OBJC_MSGSEND = YES;
				ENABLE_TESTABILITY = YES;
				ENABLE_USER_SCRIPT_SANDBOXING = YES;
				GCC_C_LANGUAGE_STANDARD = gnu17;
				GCC_DYNAMIC_NO_PIC = NO;
				GCC_NO_COMMON_BLOCKS = YES;
				GCC_OPTIMIZATION_LEVEL = 0;
				GCC_PREPROCESSOR_DEFINITIONS = (
					"DEBUG=1",
					"$(inherited)",
				);
				GCC_WARN_64_TO_32_BIT_CONVERSION = YES;
				GCC_WARN_ABOUT_RETURN_TYPE = YES_ERROR;
				GCC_WARN_UNDECLARED_SELECTOR = YES;
				GCC_WARN_UNINITIALIZED_AUTOS = YES_AGGRESSIVE;
				GCC_WARN_UNUSED_FUNCTION = YES;
				GCC_WARN_UNUSED_VARIABLE = YES;
				IPHONEOS_DEPLOYMENT_TARGET = 18.2;
				LOCALIZATION_PREFERS_STRING_CATALOGS = YES;
				MTL_ENABLE_DEBUG_INFO = INCLUDE_SOURCE;
				MTL_FAST_MATH = YES;
				ONLY_ACTIVE_ARCH = YES;
				SDKROOT = iphoneos;
				SWIFT_ACTIVE_COMPILATION_CONDITIONS = "DEBUG $(inherited)";
				SWIFT_OPTIMIZATION_LEVEL = "-Onone";
			};
			name = Debug;
		};
		E7039DA12D4AAC3200A9DF12 /* Release */ = {
			isa = XCBuildConfiguration;
			buildSettings = {
				ALWAYS_SEARCH_USER_PATHS = NO;
				ASSETCATALOG_COMPILER_GENERATE_SWIFT_ASSET_SYMBOL_EXTENSIONS = YES;
				CLANG_ANALYZER_NONNULL = YES;
				CLANG_ANALYZER_NUMBER_OBJECT_CONVERSION = YES_AGGRESSIVE;
				CLANG_CXX_LANGUAGE_STANDARD = "gnu++20";
				CLANG_ENABLE_MODULES = YES;
				CLANG_ENABLE_OBJC_ARC = YES;
				CLANG_ENABLE_OBJC_WEAK = YES;
				CLANG_WARN_BLOCK_CAPTURE_AUTORELEASING = YES;
				CLANG_WARN_BOOL_CONVERSION = YES;
				CLANG_WARN_COMMA = YES;
				CLANG_WARN_CONSTANT_CONVERSION = YES;
				CLANG_WARN_DEPRECATED_OBJC_IMPLEMENTATIONS = YES;
				CLANG_WARN_DIRECT_OBJC_ISA_USAGE = YES_ERROR;
				CLANG_WARN_DOCUMENTATION_COMMENTS = YES;
				CLANG_WARN_EMPTY_BODY = YES;
				CLANG_WARN_ENUM_CONVERSION = YES;
				CLANG_WARN_INFINITE_RECURSION = YES;
				CLANG_WARN_INT_CONVERSION = YES;
				CLANG_WARN_NON_LITERAL_NULL_CONVERSION = YES;
				CLANG_WARN_OBJC_IMPLICIT_RETAIN_SELF = YES;
				CLANG_WARN_OBJC_LITERAL_CONVERSION = YES;
				CLANG_WARN_OBJC_ROOT_CLASS = YES_ERROR;
				CLANG_WARN_QUOTED_INCLUDE_IN_FRAMEWORK_HEADER = YES;
				CLANG_WARN_RANGE_LOOP_ANALYSIS = YES;
				CLANG_WARN_STRICT_PROTOTYPES = YES;
				CLANG_WARN_SUSPICIOUS_MOVE = YES;
				CLANG_WARN_UNGUARDED_AVAILABILITY = YES_AGGRESSIVE;
				CLANG_WARN_UNREACHABLE_CODE = YES;
				CLANG_WARN__DUPLICATE_METHOD_MATCH = YES;
				COPY_PHASE_STRIP = NO;
				DEBUG_INFORMATION_FORMAT = "dwarf-with-dsym";
				ENABLE_NS_ASSERTIONS = NO;
				ENABLE_STRICT_OBJC_MSGSEND = YES;
				ENABLE_USER_SCRIPT_SANDBOXING = YES;
				GCC_C_LANGUAGE_STANDARD = gnu17;
				GCC_NO_COMMON_BLOCKS = YES;
				GCC_WARN_64_TO_32_BIT_CONVERSION = YES;
				GCC_WARN_ABOUT_RETURN_TYPE = YES_ERROR;
				GCC_WARN_UNDECLARED_SELECTOR = YES;
				GCC_WARN_UNINITIALIZED_AUTOS = YES_AGGRESSIVE;
				GCC_WARN_UNUSED_FUNCTION = YES;
				GCC_WARN_UNUSED_VARIABLE = YES;
				IPHONEOS_DEPLOYMENT_TARGET = 18.2;
				LOCALIZATION_PREFERS_STRING_CATALOGS = YES;
				MTL_ENABLE_DEBUG_INFO = NO;
				MTL_FAST_MATH = YES;
				SDKROOT = iphoneos;
				SWIFT_COMPILATION_MODE = wholemodule;
				VALIDATE_PRODUCT = YES;
			};
			name = Release;
		};
		E7039DA32D4AAC3200A9DF12 /* Debug */ = {
			isa = XCBuildConfiguration;
			buildSettings = {
				ASSETCATALOG_COMPILER_APPICON_NAME = AppIcon;
				ASSETCATALOG_COMPILER_GLOBAL_ACCENT_COLOR_NAME = AccentColor;
				CODE_SIGN_STYLE = Automatic;
				CURRENT_PROJECT_VERSION = 1;
				DEVELOPMENT_ASSET_PATHS = "\"Elvis/Preview Content\"";
				ENABLE_PREVIEWS = YES;
				GENERATE_INFOPLIST_FILE = YES;
				INFOPLIST_KEY_UIApplicationSceneManifest_Generation = YES;
				INFOPLIST_KEY_UIApplicationSupportsIndirectInputEvents = YES;
				INFOPLIST_KEY_UILaunchScreen_Generation = YES;
				INFOPLIST_KEY_UISupportedInterfaceOrientations_iPad = "UIInterfaceOrientationPortrait UIInterfaceOrientationPortraitUpsideDown UIInterfaceOrientationLandscapeLeft UIInterfaceOrientationLandscapeRight";
				INFOPLIST_KEY_UISupportedInterfaceOrientations_iPhone = "UIInterfaceOrientationPortrait UIInterfaceOrientationLandscapeLeft UIInterfaceOrientationLandscapeRight";
				LD_RUNPATH_SEARCH_PATHS = (
					"$(inherited)",
					"@executable_path/Frameworks",
				);
				MARKETING_VERSION = 1.0;
				PRODUCT_BUNDLE_IDENTIFIER = "com-francisco.Elvis";
				PRODUCT_NAME = "$(TARGET_NAME)";
				SWIFT_EMIT_LOC_STRINGS = YES;
				SWIFT_VERSION = 5.0;
				TARGETED_DEVICE_FAMILY = "1,2";
			};
			name = Debug;
		};
		E7039DA42D4AAC3200A9DF12 /* Release */ = {
			isa = XCBuildConfiguration;
			buildSettings = {
				ASSETCATALOG_COMPILER_APPICON_NAME = AppIcon;
				ASSETCATALOG_COMPILER_GLOBAL_ACCENT_COLOR_NAME = AccentColor;
				CODE_SIGN_STYLE = Automatic;
				CURRENT_PROJECT_VERSION = 1;
				DEVELOPMENT_ASSET_PATHS = "\"Elvis/Preview Content\"";
				ENABLE_PREVIEWS = YES;
				GENERATE_INFOPLIST_FILE = YES;
				INFOPLIST_KEY_UIApplicationSceneManifest_Generation = YES;
				INFOPLIST_KEY_UIApplicationSupportsIndirectInputEvents = YES;
				INFOPLIST_KEY_UILaunchScreen_Generation = YES;
				INFOPLIST_KEY_UISupportedInterfaceOrientations_iPad = "UIInterfaceOrientationPortrait UIInterfaceOrientationPortraitUpsideDown UIInterfaceOrientationLandscapeLeft UIInterfaceOrientationLandscapeRight";
				INFOPLIST_KEY_UISupportedInterfaceOrientations_iPhone = "UIInterfaceOrientationPortrait UIInterfaceOrientationLandscapeLeft UIInterfaceOrientationLandscapeRight";
				LD_RUNPATH_SEARCH_PATHS = (
					"$(inherited)",
					"@executable_path/Frameworks",
				);
				MARKETING_VERSION = 1.0;
				PRODUCT_BUNDLE_IDENTIFIER = "com-francisco.Elvis";
				PRODUCT_NAME = "$(TARGET_NAME)";
				SWIFT_EMIT_LOC_STRINGS = YES;
				SWIFT_VERSION = 5.0;
				TARGETED_DEVICE_FAMILY = "1,2";
			};
			name = Release;
		};
		E7039DA62D4AAC3200A9DF12 /* Debug */ = {
			isa = XCBuildConfiguration;
			buildSettings = {
				BUNDLE_LOADER = "$(TEST_HOST)";
				CODE_SIGN_STYLE = Automatic;
				CURRENT_PROJECT_VERSION = 1;
				GENERATE_INFOPLIST_FILE = YES;
				IPHONEOS_DEPLOYMENT_TARGET = 18.2;
				MARKETING_VERSION = 1.0;
				PRODUCT_BUNDLE_IDENTIFIER = "com-francisco.ElvisTests";
				PRODUCT_NAME = "$(TARGET_NAME)";
				SWIFT_EMIT_LOC_STRINGS = NO;
				SWIFT_VERSION = 5.0;
				TARGETED_DEVICE_FAMILY = "1,2";
				TEST_HOST = "$(BUILT_PRODUCTS_DIR)/Elvis.app/$(BUNDLE_EXECUTABLE_FOLDER_PATH)/Elvis";
			};
			name = Debug;
		};
		E7039DA72D4AAC3200A9DF12 /* Release */ = {
			isa = XCBuildConfiguration;
			buildSettings = {
				BUNDLE_LOADER = "$(TEST_HOST)";
				CODE_SIGN_STYLE = Automatic;
				CURRENT_PROJECT_VERSION = 1;
				GENERATE_INFOPLIST_FILE = YES;
				IPHONEOS_DEPLOYMENT_TARGET = 18.2;
				MARKETING_VERSION = 1.0;
				PRODUCT_BUNDLE_IDENTIFIER = "com-francisco.ElvisTests";
				PRODUCT_NAME = "$(TARGET_NAME)";
				SWIFT_EMIT_LOC_STRINGS = NO;
				SWIFT_VERSION = 5.0;
				TARGETED_DEVICE_FAMILY = "1,2";
				TEST_HOST = "$(BUILT_PRODUCTS_DIR)/Elvis.app/$(BUNDLE_EXECUTABLE_FOLDER_PATH)/Elvis";
			};
			name = Release;
		};
		E7039DA92D4AAC3200A9DF12 /* Debug */ = {
			isa = XCBuildConfiguration;
			buildSettings = {
				CODE_SIGN_STYLE = Automatic;
				CURRENT_PROJECT_VERSION = 1;
				GENERATE_INFOPLIST_FILE = YES;
				MARKETING_VERSION = 1.0;
				PRODUCT_BUNDLE_IDENTIFIER = "com-francisco.ElvisUITests";
				PRODUCT_NAME = "$(TARGET_NAME)";
				SWIFT_EMIT_LOC_STRINGS = NO;
				SWIFT_VERSION = 5.0;
				TARGETED_DEVICE_FAMILY = "1,2";
				TEST_TARGET_NAME = Elvis;
			};
			name = Debug;
		};
		E7039DAA2D4AAC3200A9DF12 /* Release */ = {
			isa = XCBuildConfiguration;
			buildSettings = {
				CODE_SIGN_STYLE = Automatic;
				CURRENT_PROJECT_VERSION = 1;
				GENERATE_INFOPLIST_FILE = YES;
				MARKETING_VERSION = 1.0;
				PRODUCT_BUNDLE_IDENTIFIER = "com-francisco.ElvisUITests";
				PRODUCT_NAME = "$(TARGET_NAME)";
				SWIFT_EMIT_LOC_STRINGS = NO;
				SWIFT_VERSION = 5.0;
				TARGETED_DEVICE_FAMILY = "1,2";
				TEST_TARGET_NAME = Elvis;
			};
			name = Release;
		};
/* End XCBuildConfiguration section */

/* Begin XCConfigurationList section */
		E7039D792D4AAC3100A9DF12 /* Build configuration list for PBXProject "Elvis" */ = {
			isa = XCConfigurationList;
			buildConfigurations = (
				E7039DA02D4AAC3200A9DF12 /* Debug */,
				E7039DA12D4AAC3200A9DF12 /* Release */,
			);
			defaultConfigurationIsVisible = 0;
			defaultConfigurationName = Release;
		};
		E7039DA22D4AAC3200A9DF12 /* Build configuration list for PBXNativeTarget "Elvis" */ = {
			isa = XCConfigurationList;
			buildConfigurations = (
				E7039DA32D4AAC3200A9DF12 /* Debug */,
				E7039DA42D4AAC3200A9DF12 /* Release */,
			);
			defaultConfigurationIsVisible = 0;
			defaultConfigurationName = Release;
		};
		E7039DA52D4AAC3200A9DF12 /* Build configuration list for PBXNativeTarget "ElvisTests" */ = {
			isa = XCConfigurationList;
			buildConfigurations = (
				E7039DA62D4AAC3200A9DF12 /* Debug */,
				E7039DA72D4AAC3200A9DF12 /* Release */,
			);
			defaultConfigurationIsVisible = 0;
			defaultConfigurationName = Release;
		};
		E7039DA82D4AAC3200A9DF12 /* Build configuration list for PBXNativeTarget "ElvisUITests" */ = {
			isa = XCConfigurationList;
			buildConfigurations = (
				E7039DA92D4AAC3200A9DF12 /* Debug */,
				E7039DAA2D4AAC3200A9DF12 /* Release */,
			);
			defaultConfigurationIsVisible = 0;
			defaultConfigurationName = Release;
		};
/* End XCConfigurationList section */
	};
	rootObject = E7039D762D4AAC3100A9DF12 /* Project object */;
}
